// !$*UTF8*$!
{
	archiveVersion = 1;
	classes = {
	};
	objectVersion = 46;
	objects = {

/* Begin PBXBuildFile section */
		93783CB11C4AE7DE006D1201 /* main.m in Sources */ = {isa = PBXBuildFile; fileRef = 93783CB01C4AE7DE006D1201 /* main.m */; };
		93783CBA1C4AE7DE006D1201 /* Main.storyboard in Resources */ = {isa = PBXBuildFile; fileRef = 93783CB81C4AE7DE006D1201 /* Main.storyboard */; };
		93783CBC1C4AE7DE006D1201 /* Assets.xcassets in Resources */ = {isa = PBXBuildFile; fileRef = 93783CBB1C4AE7DE006D1201 /* Assets.xcassets */; };
		93783CBF1C4AE7DE006D1201 /* LaunchScreen.storyboard in Resources */ = {isa = PBXBuildFile; fileRef = 93783CBD1C4AE7DE006D1201 /* LaunchScreen.storyboard */; };
		93783CCA1C4AE7DE006D1201 /* TownSquaresTests.m in Sources */ = {isa = PBXBuildFile; fileRef = 93783CC91C4AE7DE006D1201 /* TownSquaresTests.m */; };
		93783CD51C4AE7DE006D1201 /* TownSquaresUITests.m in Sources */ = {isa = PBXBuildFile; fileRef = 93783CD41C4AE7DE006D1201 /* TownSquaresUITests.m */; };
		93783CE81C4AE917006D1201 /* driverObject.m in Sources */ = {isa = PBXBuildFile; fileRef = 93783CE71C4AE917006D1201 /* driverObject.m */; };
		93783CEB1C4AEA1A006D1201 /* shopperObject.m in Sources */ = {isa = PBXBuildFile; fileRef = 93783CEA1C4AEA1A006D1201 /* shopperObject.m */; };
		93783CF11C4AEAA7006D1201 /* carObject.m in Sources */ = {isa = PBXBuildFile; fileRef = 93783CF01C4AEAA7006D1201 /* carObject.m */; };
		93783CF41C4AEAB0006D1201 /* routeObject.m in Sources */ = {isa = PBXBuildFile; fileRef = 93783CF31C4AEAB0006D1201 /* routeObject.m */; };
		93783CF71C4AEADA006D1201 /* purchaseObject.m in Sources */ = {isa = PBXBuildFile; fileRef = 93783CF61C4AEADA006D1201 /* purchaseObject.m */; };
		93783CFA1C4AEB2C006D1201 /* productObject.m in Sources */ = {isa = PBXBuildFile; fileRef = 93783CF91C4AEB2C006D1201 /* productObject.m */; };
		93783CFD1C4AEBF2006D1201 /* businessClass.m in Sources */ = {isa = PBXBuildFile; fileRef = 93783CFC1C4AEBF2006D1201 /* businessClass.m */; };
		93783D001C4AED9D006D1201 /* hoursObject.m in Sources */ = {isa = PBXBuildFile; fileRef = 93783CFF1C4AED9D006D1201 /* hoursObject.m */; };
		93783D031C4AEE33006D1201 /* ownerObject.m in Sources */ = {isa = PBXBuildFile; fileRef = 93783D021C4AEE33006D1201 /* ownerObject.m */; };
		93783D071C4AF15C006D1201 /* landingPageVC.m in Sources */ = {isa = PBXBuildFile; fileRef = 93783D061C4AF15C006D1201 /* landingPageVC.m */; };
		93783D0A1C4AF187006D1201 /* shopperMainVC.m in Sources */ = {isa = PBXBuildFile; fileRef = 93783D091C4AF187006D1201 /* shopperMainVC.m */; };
		93783D101C4AF1B3006D1201 /* driverMainVC.m in Sources */ = {isa = PBXBuildFile; fileRef = 93783D0F1C4AF1B3006D1201 /* driverMainVC.m */; };
		93783D131C4AF1BD006D1201 /* businessMainVC.m in Sources */ = {isa = PBXBuildFile; fileRef = 93783D121C4AF1BD006D1201 /* businessMainVC.m */; };
		93783D161C4AF22D006D1201 /* driverSignInVC.m in Sources */ = {isa = PBXBuildFile; fileRef = 93783D151C4AF22D006D1201 /* driverSignInVC.m */; };
		93783D191C4AF23A006D1201 /* businessSignInVC.m in Sources */ = {isa = PBXBuildFile; fileRef = 93783D181C4AF23A006D1201 /* businessSignInVC.m */; };
		93783D1C1C4AF244006D1201 /* shopperSignInVC.m in Sources */ = {isa = PBXBuildFile; fileRef = 93783D1B1C4AF244006D1201 /* shopperSignInVC.m */; };
		93783D201C4AFF23006D1201 /* driverRequirementsVC.m in Sources */ = {isa = PBXBuildFile; fileRef = 93783D1F1C4AFF23006D1201 /* driverRequirementsVC.m */; };
		93783D231C4AFF38006D1201 /* driverBGCheckVC.m in Sources */ = {isa = PBXBuildFile; fileRef = 93783D221C4AFF38006D1201 /* driverBGCheckVC.m */; };
		93783D261C4AFF50006D1201 /* driverLicensePhotoVC.m in Sources */ = {isa = PBXBuildFile; fileRef = 93783D251C4AFF50006D1201 /* driverLicensePhotoVC.m */; };
		93783D291C4AFF64006D1201 /* driverCarInfoVC.m in Sources */ = {isa = PBXBuildFile; fileRef = 93783D281C4AFF64006D1201 /* driverCarInfoVC.m */; };
		93783D2C1C4AFF6F006D1201 /* driverEmployableVC.m in Sources */ = {isa = PBXBuildFile; fileRef = 93783D2B1C4AFF6F006D1201 /* driverEmployableVC.m */; };
		93783D2F1C4AFF7B006D1201 /* driverThankYouVC.m in Sources */ = {isa = PBXBuildFile; fileRef = 93783D2E1C4AFF7B006D1201 /* driverThankYouVC.m */; };
		93783D331C4AFFA7006D1201 /* driverHomeVC.m in Sources */ = {isa = PBXBuildFile; fileRef = 93783D321C4AFFA7006D1201 /* driverHomeVC.m */; };
		93783D361C4AFFBC006D1201 /* driverRouteVC.m in Sources */ = {isa = PBXBuildFile; fileRef = 93783D351C4AFFBC006D1201 /* driverRouteVC.m */; };
		93783D391C4B0047006D1201 /* driverPickVC.m in Sources */ = {isa = PBXBuildFile; fileRef = 93783D381C4B0047006D1201 /* driverPickVC.m */; };
		93783D3F1C4B00A0006D1201 /* businessProductInfoVC.m in Sources */ = {isa = PBXBuildFile; fileRef = 93783D3E1C4B00A0006D1201 /* businessProductInfoVC.m */; };
		93783D421C4B00BF006D1201 /* businessListVC.m in Sources */ = {isa = PBXBuildFile; fileRef = 93783D411C4B00BF006D1201 /* businessListVC.m */; };
		93783D451C4B00F5006D1201 /* shopperAddressVC.m in Sources */ = {isa = PBXBuildFile; fileRef = 93783D441C4B00F5006D1201 /* shopperAddressVC.m */; };
		93783D481C4B010C006D1201 /* shopperInfoVC.m in Sources */ = {isa = PBXBuildFile; fileRef = 93783D471C4B010C006D1201 /* shopperInfoVC.m */; };
		93783D4B1C4B06BD006D1201 /* AppDelegate.m in Sources */ = {isa = PBXBuildFile; fileRef = 93783D4A1C4B06BD006D1201 /* AppDelegate.m */; };
/* End PBXBuildFile section */

/* Begin PBXContainerItemProxy section */
		93783CC61C4AE7DE006D1201 /* PBXContainerItemProxy */ = {
			isa = PBXContainerItemProxy;
			containerPortal = 93783CA41C4AE7DE006D1201 /* Project object */;
			proxyType = 1;
			remoteGlobalIDString = 93783CAB1C4AE7DE006D1201;
			remoteInfo = TownSquares;
		};
		93783CD11C4AE7DE006D1201 /* PBXContainerItemProxy */ = {
			isa = PBXContainerItemProxy;
			containerPortal = 93783CA41C4AE7DE006D1201 /* Project object */;
			proxyType = 1;
			remoteGlobalIDString = 93783CAB1C4AE7DE006D1201;
			remoteInfo = TownSquares;
		};
/* End PBXContainerItemProxy section */

/* Begin PBXFileReference section */
		93783CAC1C4AE7DE006D1201 /* TownSquares.app */ = {isa = PBXFileReference; explicitFileType = wrapper.application; includeInIndex = 0; path = TownSquares.app; sourceTree = BUILT_PRODUCTS_DIR; };
		93783CB01C4AE7DE006D1201 /* main.m */ = {isa = PBXFileReference; lastKnownFileType = sourcecode.c.objc; path = main.m; sourceTree = "<group>"; };
		93783CB91C4AE7DE006D1201 /* Base */ = {isa = PBXFileReference; lastKnownFileType = file.storyboard; name = Base; path = Base.lproj/Main.storyboard; sourceTree = "<group>"; };
		93783CBB1C4AE7DE006D1201 /* Assets.xcassets */ = {isa = PBXFileReference; lastKnownFileType = folder.assetcatalog; path = Assets.xcassets; sourceTree = "<group>"; };
		93783CBE1C4AE7DE006D1201 /* Base */ = {isa = PBXFileReference; lastKnownFileType = file.storyboard; name = Base; path = Base.lproj/LaunchScreen.storyboard; sourceTree = "<group>"; };
		93783CC01C4AE7DE006D1201 /* Info.plist */ = {isa = PBXFileReference; lastKnownFileType = text.plist.xml; path = Info.plist; sourceTree = "<group>"; };
		93783CC51C4AE7DE006D1201 /* TownSquaresTests.xctest */ = {isa = PBXFileReference; explicitFileType = wrapper.cfbundle; includeInIndex = 0; path = TownSquaresTests.xctest; sourceTree = BUILT_PRODUCTS_DIR; };
		93783CC91C4AE7DE006D1201 /* TownSquaresTests.m */ = {isa = PBXFileReference; lastKnownFileType = sourcecode.c.objc; path = TownSquaresTests.m; sourceTree = "<group>"; };
		93783CCB1C4AE7DE006D1201 /* Info.plist */ = {isa = PBXFileReference; lastKnownFileType = text.plist.xml; path = Info.plist; sourceTree = "<group>"; };
		93783CD01C4AE7DE006D1201 /* TownSquaresUITests.xctest */ = {isa = PBXFileReference; explicitFileType = wrapper.cfbundle; includeInIndex = 0; path = TownSquaresUITests.xctest; sourceTree = BUILT_PRODUCTS_DIR; };
		93783CD41C4AE7DE006D1201 /* TownSquaresUITests.m */ = {isa = PBXFileReference; lastKnownFileType = sourcecode.c.objc; path = TownSquaresUITests.m; sourceTree = "<group>"; };
		93783CD61C4AE7DE006D1201 /* Info.plist */ = {isa = PBXFileReference; lastKnownFileType = text.plist.xml; path = Info.plist; sourceTree = "<group>"; };
		93783CE61C4AE917006D1201 /* driverObject.h */ = {isa = PBXFileReference; fileEncoding = 4; lastKnownFileType = sourcecode.c.h; path = driverObject.h; sourceTree = "<group>"; };
		93783CE71C4AE917006D1201 /* driverObject.m */ = {isa = PBXFileReference; fileEncoding = 4; lastKnownFileType = sourcecode.c.objc; path = driverObject.m; sourceTree = "<group>"; };
		93783CE91C4AEA1A006D1201 /* shopperObject.h */ = {isa = PBXFileReference; fileEncoding = 4; lastKnownFileType = sourcecode.c.h; path = shopperObject.h; sourceTree = "<group>"; };
		93783CEA1C4AEA1A006D1201 /* shopperObject.m */ = {isa = PBXFileReference; fileEncoding = 4; lastKnownFileType = sourcecode.c.objc; path = shopperObject.m; sourceTree = "<group>"; };
		93783CEF1C4AEAA7006D1201 /* carObject.h */ = {isa = PBXFileReference; fileEncoding = 4; lastKnownFileType = sourcecode.c.h; path = carObject.h; sourceTree = "<group>"; };
		93783CF01C4AEAA7006D1201 /* carObject.m */ = {isa = PBXFileReference; fileEncoding = 4; lastKnownFileType = sourcecode.c.objc; path = carObject.m; sourceTree = "<group>"; };
		93783CF21C4AEAB0006D1201 /* routeObject.h */ = {isa = PBXFileReference; fileEncoding = 4; lastKnownFileType = sourcecode.c.h; path = routeObject.h; sourceTree = "<group>"; };
		93783CF31C4AEAB0006D1201 /* routeObject.m */ = {isa = PBXFileReference; fileEncoding = 4; lastKnownFileType = sourcecode.c.objc; path = routeObject.m; sourceTree = "<group>"; };
		93783CF51C4AEADA006D1201 /* purchaseObject.h */ = {isa = PBXFileReference; fileEncoding = 4; lastKnownFileType = sourcecode.c.h; path = purchaseObject.h; sourceTree = "<group>"; };
		93783CF61C4AEADA006D1201 /* purchaseObject.m */ = {isa = PBXFileReference; fileEncoding = 4; lastKnownFileType = sourcecode.c.objc; path = purchaseObject.m; sourceTree = "<group>"; };
		93783CF81C4AEB2C006D1201 /* productObject.h */ = {isa = PBXFileReference; fileEncoding = 4; lastKnownFileType = sourcecode.c.h; path = productObject.h; sourceTree = "<group>"; };
		93783CF91C4AEB2C006D1201 /* productObject.m */ = {isa = PBXFileReference; fileEncoding = 4; lastKnownFileType = sourcecode.c.objc; path = productObject.m; sourceTree = "<group>"; };
		93783CFB1C4AEBF2006D1201 /* businessClass.h */ = {isa = PBXFileReference; fileEncoding = 4; lastKnownFileType = sourcecode.c.h; path = businessClass.h; sourceTree = "<group>"; };
		93783CFC1C4AEBF2006D1201 /* businessClass.m */ = {isa = PBXFileReference; fileEncoding = 4; lastKnownFileType = sourcecode.c.objc; path = businessClass.m; sourceTree = "<group>"; };
		93783CFE1C4AED9D006D1201 /* hoursObject.h */ = {isa = PBXFileReference; fileEncoding = 4; lastKnownFileType = sourcecode.c.h; path = hoursObject.h; sourceTree = "<group>"; };
		93783CFF1C4AED9D006D1201 /* hoursObject.m */ = {isa = PBXFileReference; fileEncoding = 4; lastKnownFileType = sourcecode.c.objc; path = hoursObject.m; sourceTree = "<group>"; };
		93783D011C4AEE33006D1201 /* ownerObject.h */ = {isa = PBXFileReference; fileEncoding = 4; lastKnownFileType = sourcecode.c.h; path = ownerObject.h; sourceTree = "<group>"; };
		93783D021C4AEE33006D1201 /* ownerObject.m */ = {isa = PBXFileReference; fileEncoding = 4; lastKnownFileType = sourcecode.c.objc; path = ownerObject.m; sourceTree = "<group>"; };
		93783D051C4AF15C006D1201 /* landingPageVC.h */ = {isa = PBXFileReference; fileEncoding = 4; lastKnownFileType = sourcecode.c.h; path = landingPageVC.h; sourceTree = "<group>"; };
		93783D061C4AF15C006D1201 /* landingPageVC.m */ = {isa = PBXFileReference; fileEncoding = 4; lastKnownFileType = sourcecode.c.objc; path = landingPageVC.m; sourceTree = "<group>"; };
		93783D081C4AF187006D1201 /* shopperMainVC.h */ = {isa = PBXFileReference; fileEncoding = 4; lastKnownFileType = sourcecode.c.h; path = shopperMainVC.h; sourceTree = "<group>"; };
		93783D091C4AF187006D1201 /* shopperMainVC.m */ = {isa = PBXFileReference; fileEncoding = 4; lastKnownFileType = sourcecode.c.objc; path = shopperMainVC.m; sourceTree = "<group>"; };
		93783D0E1C4AF1B3006D1201 /* driverMainVC.h */ = {isa = PBXFileReference; fileEncoding = 4; lastKnownFileType = sourcecode.c.h; path = driverMainVC.h; sourceTree = "<group>"; };
		93783D0F1C4AF1B3006D1201 /* driverMainVC.m */ = {isa = PBXFileReference; fileEncoding = 4; lastKnownFileType = sourcecode.c.objc; path = driverMainVC.m; sourceTree = "<group>"; };
		93783D111C4AF1BD006D1201 /* businessMainVC.h */ = {isa = PBXFileReference; fileEncoding = 4; lastKnownFileType = sourcecode.c.h; path = businessMainVC.h; sourceTree = "<group>"; };
		93783D121C4AF1BD006D1201 /* businessMainVC.m */ = {isa = PBXFileReference; fileEncoding = 4; lastKnownFileType = sourcecode.c.objc; path = businessMainVC.m; sourceTree = "<group>"; };
		93783D141C4AF22D006D1201 /* driverSignInVC.h */ = {isa = PBXFileReference; fileEncoding = 4; lastKnownFileType = sourcecode.c.h; path = driverSignInVC.h; sourceTree = "<group>"; };
		93783D151C4AF22D006D1201 /* driverSignInVC.m */ = {isa = PBXFileReference; fileEncoding = 4; lastKnownFileType = sourcecode.c.objc; path = driverSignInVC.m; sourceTree = "<group>"; };
		93783D171C4AF23A006D1201 /* businessSignInVC.h */ = {isa = PBXFileReference; fileEncoding = 4; lastKnownFileType = sourcecode.c.h; path = businessSignInVC.h; sourceTree = "<group>"; };
		93783D181C4AF23A006D1201 /* businessSignInVC.m */ = {isa = PBXFileReference; fileEncoding = 4; lastKnownFileType = sourcecode.c.objc; path = businessSignInVC.m; sourceTree = "<group>"; };
		93783D1A1C4AF244006D1201 /* shopperSignInVC.h */ = {isa = PBXFileReference; fileEncoding = 4; lastKnownFileType = sourcecode.c.h; path = shopperSignInVC.h; sourceTree = "<group>"; };
		93783D1B1C4AF244006D1201 /* shopperSignInVC.m */ = {isa = PBXFileReference; fileEncoding = 4; lastKnownFileType = sourcecode.c.objc; path = shopperSignInVC.m; sourceTree = "<group>"; };
		93783D1E1C4AFF23006D1201 /* driverRequirementsVC.h */ = {isa = PBXFileReference; fileEncoding = 4; lastKnownFileType = sourcecode.c.h; path = driverRequirementsVC.h; sourceTree = "<group>"; };
		93783D1F1C4AFF23006D1201 /* driverRequirementsVC.m */ = {isa = PBXFileReference; fileEncoding = 4; lastKnownFileType = sourcecode.c.objc; path = driverRequirementsVC.m; sourceTree = "<group>"; };
		93783D211C4AFF38006D1201 /* driverBGCheckVC.h */ = {isa = PBXFileReference; fileEncoding = 4; lastKnownFileType = sourcecode.c.h; path = driverBGCheckVC.h; sourceTree = "<group>"; };
		93783D221C4AFF38006D1201 /* driverBGCheckVC.m */ = {isa = PBXFileReference; fileEncoding = 4; lastKnownFileType = sourcecode.c.objc; path = driverBGCheckVC.m; sourceTree = "<group>"; };
		93783D241C4AFF50006D1201 /* driverLicensePhotoVC.h */ = {isa = PBXFileReference; fileEncoding = 4; lastKnownFileType = sourcecode.c.h; path = driverLicensePhotoVC.h; sourceTree = "<group>"; };
		93783D251C4AFF50006D1201 /* driverLicensePhotoVC.m */ = {isa = PBXFileReference; fileEncoding = 4; lastKnownFileType = sourcecode.c.objc; path = driverLicensePhotoVC.m; sourceTree = "<group>"; };
		93783D271C4AFF64006D1201 /* driverCarInfoVC.h */ = {isa = PBXFileReference; fileEncoding = 4; lastKnownFileType = sourcecode.c.h; path = driverCarInfoVC.h; sourceTree = "<group>"; };
		93783D281C4AFF64006D1201 /* driverCarInfoVC.m */ = {isa = PBXFileReference; fileEncoding = 4; lastKnownFileType = sourcecode.c.objc; path = driverCarInfoVC.m; sourceTree = "<group>"; };
		93783D2A1C4AFF6F006D1201 /* driverEmployableVC.h */ = {isa = PBXFileReference; fileEncoding = 4; lastKnownFileType = sourcecode.c.h; path = driverEmployableVC.h; sourceTree = "<group>"; };
		93783D2B1C4AFF6F006D1201 /* driverEmployableVC.m */ = {isa = PBXFileReference; fileEncoding = 4; lastKnownFileType = sourcecode.c.objc; path = driverEmployableVC.m; sourceTree = "<group>"; };
		93783D2D1C4AFF7B006D1201 /* driverThankYouVC.h */ = {isa = PBXFileReference; fileEncoding = 4; lastKnownFileType = sourcecode.c.h; path = driverThankYouVC.h; sourceTree = "<group>"; };
		93783D2E1C4AFF7B006D1201 /* driverThankYouVC.m */ = {isa = PBXFileReference; fileEncoding = 4; lastKnownFileType = sourcecode.c.objc; path = driverThankYouVC.m; sourceTree = "<group>"; };
		93783D311C4AFFA7006D1201 /* driverHomeVC.h */ = {isa = PBXFileReference; fileEncoding = 4; lastKnownFileType = sourcecode.c.h; path = driverHomeVC.h; sourceTree = "<group>"; };
		93783D321C4AFFA7006D1201 /* driverHomeVC.m */ = {isa = PBXFileReference; fileEncoding = 4; lastKnownFileType = sourcecode.c.objc; path = driverHomeVC.m; sourceTree = "<group>"; };
		93783D341C4AFFBC006D1201 /* driverRouteVC.h */ = {isa = PBXFileReference; fileEncoding = 4; lastKnownFileType = sourcecode.c.h; path = driverRouteVC.h; sourceTree = "<group>"; };
		93783D351C4AFFBC006D1201 /* driverRouteVC.m */ = {isa = PBXFileReference; fileEncoding = 4; lastKnownFileType = sourcecode.c.objc; path = driverRouteVC.m; sourceTree = "<group>"; };
		93783D371C4B0047006D1201 /* driverPickVC.h */ = {isa = PBXFileReference; fileEncoding = 4; lastKnownFileType = sourcecode.c.h; path = driverPickVC.h; sourceTree = "<group>"; };
		93783D381C4B0047006D1201 /* driverPickVC.m */ = {isa = PBXFileReference; fileEncoding = 4; lastKnownFileType = sourcecode.c.objc; path = driverPickVC.m; sourceTree = "<group>"; };
		93783D3D1C4B00A0006D1201 /* businessProductInfoVC.h */ = {isa = PBXFileReference; fileEncoding = 4; lastKnownFileType = sourcecode.c.h; path = businessProductInfoVC.h; sourceTree = "<group>"; };
		93783D3E1C4B00A0006D1201 /* businessProductInfoVC.m */ = {isa = PBXFileReference; fileEncoding = 4; lastKnownFileType = sourcecode.c.objc; path = businessProductInfoVC.m; sourceTree = "<group>"; };
		93783D401C4B00BF006D1201 /* businessListVC.h */ = {isa = PBXFileReference; fileEncoding = 4; lastKnownFileType = sourcecode.c.h; path = businessListVC.h; sourceTree = "<group>"; };
		93783D411C4B00BF006D1201 /* businessListVC.m */ = {isa = PBXFileReference; fileEncoding = 4; lastKnownFileType = sourcecode.c.objc; path = businessListVC.m; sourceTree = "<group>"; };
		93783D431C4B00F5006D1201 /* shopperAddressVC.h */ = {isa = PBXFileReference; fileEncoding = 4; lastKnownFileType = sourcecode.c.h; path = shopperAddressVC.h; sourceTree = "<group>"; };
		93783D441C4B00F5006D1201 /* shopperAddressVC.m */ = {isa = PBXFileReference; fileEncoding = 4; lastKnownFileType = sourcecode.c.objc; path = shopperAddressVC.m; sourceTree = "<group>"; };
		93783D461C4B010C006D1201 /* shopperInfoVC.h */ = {isa = PBXFileReference; fileEncoding = 4; lastKnownFileType = sourcecode.c.h; path = shopperInfoVC.h; sourceTree = "<group>"; };
		93783D471C4B010C006D1201 /* shopperInfoVC.m */ = {isa = PBXFileReference; fileEncoding = 4; lastKnownFileType = sourcecode.c.objc; path = shopperInfoVC.m; sourceTree = "<group>"; };
		93783D491C4B06BD006D1201 /* AppDelegate.h */ = {isa = PBXFileReference; fileEncoding = 4; lastKnownFileType = sourcecode.c.h; path = AppDelegate.h; sourceTree = "<group>"; };
		93783D4A1C4B06BD006D1201 /* AppDelegate.m */ = {isa = PBXFileReference; fileEncoding = 4; lastKnownFileType = sourcecode.c.objc; path = AppDelegate.m; sourceTree = "<group>"; };
/* End PBXFileReference section */

/* Begin PBXFrameworksBuildPhase section */
		93783CA91C4AE7DE006D1201 /* Frameworks */ = {
			isa = PBXFrameworksBuildPhase;
			buildActionMask = 2147483647;
			files = (
			);
			runOnlyForDeploymentPostprocessing = 0;
		};
		93783CC21C4AE7DE006D1201 /* Frameworks */ = {
			isa = PBXFrameworksBuildPhase;
			buildActionMask = 2147483647;
			files = (
			);
			runOnlyForDeploymentPostprocessing = 0;
		};
		93783CCD1C4AE7DE006D1201 /* Frameworks */ = {
			isa = PBXFrameworksBuildPhase;
			buildActionMask = 2147483647;
			files = (
			);
			runOnlyForDeploymentPostprocessing = 0;
		};
/* End PBXFrameworksBuildPhase section */

/* Begin PBXGroup section */
		93783CA31C4AE7DE006D1201 = {
			isa = PBXGroup;
			children = (
				93783CAE1C4AE7DE006D1201 /* TownSquares */,
				93783CC81C4AE7DE006D1201 /* TownSquaresTests */,
				93783CD31C4AE7DE006D1201 /* TownSquaresUITests */,
				93783CAD1C4AE7DE006D1201 /* Products */,
			);
			sourceTree = "<group>";
		};
		93783CAD1C4AE7DE006D1201 /* Products */ = {
			isa = PBXGroup;
			children = (
				93783CAC1C4AE7DE006D1201 /* TownSquares.app */,
				93783CC51C4AE7DE006D1201 /* TownSquaresTests.xctest */,
				93783CD01C4AE7DE006D1201 /* TownSquaresUITests.xctest */,
			);
			name = Products;
			sourceTree = "<group>";
		};
		93783CAE1C4AE7DE006D1201 /* TownSquares */ = {
			isa = PBXGroup;
			children = (
				93783D491C4B06BD006D1201 /* AppDelegate.h */,
				93783D4A1C4B06BD006D1201 /* AppDelegate.m */,
				93783D041C4AF0A8006D1201 /* ViewControllers */,
				93783CE21C4AE896006D1201 /* Objects */,
				93783CB81C4AE7DE006D1201 /* Main.storyboard */,
				93783CBB1C4AE7DE006D1201 /* Assets.xcassets */,
				93783CBD1C4AE7DE006D1201 /* LaunchScreen.storyboard */,
				93783CC01C4AE7DE006D1201 /* Info.plist */,
				93783CAF1C4AE7DE006D1201 /* Supporting Files */,
			);
			path = TownSquares;
			sourceTree = "<group>";
		};
		93783CAF1C4AE7DE006D1201 /* Supporting Files */ = {
			isa = PBXGroup;
			children = (
				93783CB01C4AE7DE006D1201 /* main.m */,
			);
			name = "Supporting Files";
			sourceTree = "<group>";
		};
		93783CC81C4AE7DE006D1201 /* TownSquaresTests */ = {
			isa = PBXGroup;
			children = (
				93783CC91C4AE7DE006D1201 /* TownSquaresTests.m */,
				93783CCB1C4AE7DE006D1201 /* Info.plist */,
			);
			path = TownSquaresTests;
			sourceTree = "<group>";
		};
		93783CD31C4AE7DE006D1201 /* TownSquaresUITests */ = {
			isa = PBXGroup;
			children = (
				93783CD41C4AE7DE006D1201 /* TownSquaresUITests.m */,
				93783CD61C4AE7DE006D1201 /* Info.plist */,
			);
			path = TownSquaresUITests;
			sourceTree = "<group>";
		};
		93783CE21C4AE896006D1201 /* Objects */ = {
			isa = PBXGroup;
			children = (
				93783CE61C4AE917006D1201 /* driverObject.h */,
				93783CE71C4AE917006D1201 /* driverObject.m */,
				93783CE91C4AEA1A006D1201 /* shopperObject.h */,
				93783CEA1C4AEA1A006D1201 /* shopperObject.m */,
				93783CFB1C4AEBF2006D1201 /* businessClass.h */,
				93783CFC1C4AEBF2006D1201 /* businessClass.m */,
				93783CEF1C4AEAA7006D1201 /* carObject.h */,
				93783CF01C4AEAA7006D1201 /* carObject.m */,
				93783CF21C4AEAB0006D1201 /* routeObject.h */,
				93783CF31C4AEAB0006D1201 /* routeObject.m */,
				93783CF51C4AEADA006D1201 /* purchaseObject.h */,
				93783CF61C4AEADA006D1201 /* purchaseObject.m */,
				93783CF81C4AEB2C006D1201 /* productObject.h */,
				93783CF91C4AEB2C006D1201 /* productObject.m */,
				93783CFE1C4AED9D006D1201 /* hoursObject.h */,
				93783CFF1C4AED9D006D1201 /* hoursObject.m */,
				93783D011C4AEE33006D1201 /* ownerObject.h */,
				93783D021C4AEE33006D1201 /* ownerObject.m */,
			);
			name = Objects;
			sourceTree = "<group>";
		};
		93783D041C4AF0A8006D1201 /* ViewControllers */ = {
			isa = PBXGroup;
			children = (
				93783D051C4AF15C006D1201 /* landingPageVC.h */,
				93783D061C4AF15C006D1201 /* landingPageVC.m */,
				93783D0D1C4AF1A1006D1201 /* Driver */,
				93783D0C1C4AF197006D1201 /* Business */,
				93783D0B1C4AF18B006D1201 /* Shopper */,
			);
			name = ViewControllers;
			sourceTree = "<group>";
		};
		93783D0B1C4AF18B006D1201 /* Shopper */ = {
			isa = PBXGroup;
			children = (
				93783D081C4AF187006D1201 /* shopperMainVC.h */,
				93783D091C4AF187006D1201 /* shopperMainVC.m */,
				93783D1A1C4AF244006D1201 /* shopperSignInVC.h */,
				93783D1B1C4AF244006D1201 /* shopperSignInVC.m */,
				93783D431C4B00F5006D1201 /* shopperAddressVC.h */,
				93783D441C4B00F5006D1201 /* shopperAddressVC.m */,
				93783D461C4B010C006D1201 /* shopperInfoVC.h */,
				93783D471C4B010C006D1201 /* shopperInfoVC.m */,
			);
			name = Shopper;
			sourceTree = "<group>";
		};
		93783D0C1C4AF197006D1201 /* Business */ = {
			isa = PBXGroup;
			children = (
				93783D111C4AF1BD006D1201 /* businessMainVC.h */,
				93783D121C4AF1BD006D1201 /* businessMainVC.m */,
				93783D171C4AF23A006D1201 /* businessSignInVC.h */,
				93783D181C4AF23A006D1201 /* businessSignInVC.m */,
				93783D401C4B00BF006D1201 /* businessListVC.h */,
				93783D411C4B00BF006D1201 /* businessListVC.m */,
				93783D3D1C4B00A0006D1201 /* businessProductInfoVC.h */,
				93783D3E1C4B00A0006D1201 /* businessProductInfoVC.m */,
			);
			name = Business;
			sourceTree = "<group>";
		};
		93783D0D1C4AF1A1006D1201 /* Driver */ = {
			isa = PBXGroup;
			children = (
				93783D0E1C4AF1B3006D1201 /* driverMainVC.h */,
				93783D0F1C4AF1B3006D1201 /* driverMainVC.m */,
				93783D301C4AFF91006D1201 /* Main */,
				93783D1D1C4AFF0E006D1201 /* Sign In */,
			);
			name = Driver;
			sourceTree = "<group>";
		};
		93783D1D1C4AFF0E006D1201 /* Sign In */ = {
			isa = PBXGroup;
			children = (
				93783D141C4AF22D006D1201 /* driverSignInVC.h */,
				93783D151C4AF22D006D1201 /* driverSignInVC.m */,
				93783D1E1C4AFF23006D1201 /* driverRequirementsVC.h */,
				93783D1F1C4AFF23006D1201 /* driverRequirementsVC.m */,
				93783D211C4AFF38006D1201 /* driverBGCheckVC.h */,
				93783D221C4AFF38006D1201 /* driverBGCheckVC.m */,
				93783D241C4AFF50006D1201 /* driverLicensePhotoVC.h */,
				93783D251C4AFF50006D1201 /* driverLicensePhotoVC.m */,
				93783D271C4AFF64006D1201 /* driverCarInfoVC.h */,
				93783D281C4AFF64006D1201 /* driverCarInfoVC.m */,
				93783D2A1C4AFF6F006D1201 /* driverEmployableVC.h */,
				93783D2B1C4AFF6F006D1201 /* driverEmployableVC.m */,
				93783D2D1C4AFF7B006D1201 /* driverThankYouVC.h */,
				93783D2E1C4AFF7B006D1201 /* driverThankYouVC.m */,
			);
			name = "Sign In";
			sourceTree = "<group>";
		};
		93783D301C4AFF91006D1201 /* Main */ = {
			isa = PBXGroup;
			children = (
				93783D311C4AFFA7006D1201 /* driverHomeVC.h */,
				93783D321C4AFFA7006D1201 /* driverHomeVC.m */,
				93783D341C4AFFBC006D1201 /* driverRouteVC.h */,
				93783D351C4AFFBC006D1201 /* driverRouteVC.m */,
				93783D371C4B0047006D1201 /* driverPickVC.h */,
				93783D381C4B0047006D1201 /* driverPickVC.m */,
			);
			name = Main;
			sourceTree = "<group>";
		};
/* End PBXGroup section */

/* Begin PBXNativeTarget section */
		93783CAB1C4AE7DE006D1201 /* TownSquares */ = {
			isa = PBXNativeTarget;
			buildConfigurationList = 93783CD91C4AE7DE006D1201 /* Build configuration list for PBXNativeTarget "TownSquares" */;
			buildPhases = (
				93783CA81C4AE7DE006D1201 /* Sources */,
				93783CA91C4AE7DE006D1201 /* Frameworks */,
				93783CAA1C4AE7DE006D1201 /* Resources */,
			);
			buildRules = (
			);
			dependencies = (
			);
			name = TownSquares;
			productName = TownSquares;
			productReference = 93783CAC1C4AE7DE006D1201 /* TownSquares.app */;
			productType = "com.apple.product-type.application";
		};
		93783CC41C4AE7DE006D1201 /* TownSquaresTests */ = {
			isa = PBXNativeTarget;
			buildConfigurationList = 93783CDC1C4AE7DE006D1201 /* Build configuration list for PBXNativeTarget "TownSquaresTests" */;
			buildPhases = (
				93783CC11C4AE7DE006D1201 /* Sources */,
				93783CC21C4AE7DE006D1201 /* Frameworks */,
				93783CC31C4AE7DE006D1201 /* Resources */,
			);
			buildRules = (
			);
			dependencies = (
				93783CC71C4AE7DE006D1201 /* PBXTargetDependency */,
			);
			name = TownSquaresTests;
			productName = TownSquaresTests;
			productReference = 93783CC51C4AE7DE006D1201 /* TownSquaresTests.xctest */;
			productType = "com.apple.product-type.bundle.unit-test";
		};
		93783CCF1C4AE7DE006D1201 /* TownSquaresUITests */ = {
			isa = PBXNativeTarget;
			buildConfigurationList = 93783CDF1C4AE7DE006D1201 /* Build configuration list for PBXNativeTarget "TownSquaresUITests" */;
			buildPhases = (
				93783CCC1C4AE7DE006D1201 /* Sources */,
				93783CCD1C4AE7DE006D1201 /* Frameworks */,
				93783CCE1C4AE7DE006D1201 /* Resources */,
			);
			buildRules = (
			);
			dependencies = (
				93783CD21C4AE7DE006D1201 /* PBXTargetDependency */,
			);
			name = TownSquaresUITests;
			productName = TownSquaresUITests;
			productReference = 93783CD01C4AE7DE006D1201 /* TownSquaresUITests.xctest */;
			productType = "com.apple.product-type.bundle.ui-testing";
		};
/* End PBXNativeTarget section */

/* Begin PBXProject section */
		93783CA41C4AE7DE006D1201 /* Project object */ = {
			isa = PBXProject;
			attributes = {
				LastUpgradeCheck = 0720;
				ORGANIZATIONNAME = "Aaron Crawfis";
				TargetAttributes = {
					93783CAB1C4AE7DE006D1201 = {
						CreatedOnToolsVersion = 7.2;
						DevelopmentTeam = 45J7H6U23W;
					};
					93783CC41C4AE7DE006D1201 = {
						CreatedOnToolsVersion = 7.2;
						DevelopmentTeam = 45J7H6U23W;
						TestTargetID = 93783CAB1C4AE7DE006D1201;
					};
					93783CCF1C4AE7DE006D1201 = {
						CreatedOnToolsVersion = 7.2;
						DevelopmentTeam = 45J7H6U23W;
						TestTargetID = 93783CAB1C4AE7DE006D1201;
					};
				};
			};
			buildConfigurationList = 93783CA71C4AE7DE006D1201 /* Build configuration list for PBXProject "TownSquares" */;
			compatibilityVersion = "Xcode 3.2";
			developmentRegion = English;
			hasScannedForEncodings = 0;
			knownRegions = (
				en,
				Base,
			);
			mainGroup = 93783CA31C4AE7DE006D1201;
			productRefGroup = 93783CAD1C4AE7DE006D1201 /* Products */;
			projectDirPath = "";
			projectRoot = "";
			targets = (
				93783CAB1C4AE7DE006D1201 /* TownSquares */,
				93783CC41C4AE7DE006D1201 /* TownSquaresTests */,
				93783CCF1C4AE7DE006D1201 /* TownSquaresUITests */,
			);
		};
/* End PBXProject section */

/* Begin PBXResourcesBuildPhase section */
		93783CAA1C4AE7DE006D1201 /* Resources */ = {
			isa = PBXResourcesBuildPhase;
			buildActionMask = 2147483647;
			files = (
				93783CBF1C4AE7DE006D1201 /* LaunchScreen.storyboard in Resources */,
				93783CBC1C4AE7DE006D1201 /* Assets.xcassets in Resources */,
				93783CBA1C4AE7DE006D1201 /* Main.storyboard in Resources */,
			);
			runOnlyForDeploymentPostprocessing = 0;
		};
		93783CC31C4AE7DE006D1201 /* Resources */ = {
			isa = PBXResourcesBuildPhase;
			buildActionMask = 2147483647;
			files = (
			);
			runOnlyForDeploymentPostprocessing = 0;
		};
		93783CCE1C4AE7DE006D1201 /* Resources */ = {
			isa = PBXResourcesBuildPhase;
			buildActionMask = 2147483647;
			files = (
			);
			runOnlyForDeploymentPostprocessing = 0;
		};
/* End PBXResourcesBuildPhase section */

/* Begin PBXSourcesBuildPhase section */
		93783CA81C4AE7DE006D1201 /* Sources */ = {
			isa = PBXSourcesBuildPhase;
			buildActionMask = 2147483647;
			files = (
				93783D201C4AFF23006D1201 /* driverRequirementsVC.m in Sources */,
				93783D101C4AF1B3006D1201 /* driverMainVC.m in Sources */,
				93783CFA1C4AEB2C006D1201 /* productObject.m in Sources */,
				93783D261C4AFF50006D1201 /* driverLicensePhotoVC.m in Sources */,
				93783CEB1C4AEA1A006D1201 /* shopperObject.m in Sources */,
				93783D391C4B0047006D1201 /* driverPickVC.m in Sources */,
				93783D131C4AF1BD006D1201 /* businessMainVC.m in Sources */,
				93783D1C1C4AF244006D1201 /* shopperSignInVC.m in Sources */,
				93783CE81C4AE917006D1201 /* driverObject.m in Sources */,
				93783CF41C4AEAB0006D1201 /* routeObject.m in Sources */,
				93783D161C4AF22D006D1201 /* driverSignInVC.m in Sources */,
				93783D361C4AFFBC006D1201 /* driverRouteVC.m in Sources */,
				93783D291C4AFF64006D1201 /* driverCarInfoVC.m in Sources */,
				93783D031C4AEE33006D1201 /* ownerObject.m in Sources */,
				93783D0A1C4AF187006D1201 /* shopperMainVC.m in Sources */,
				93783CFD1C4AEBF2006D1201 /* businessClass.m in Sources */,
				93783D421C4B00BF006D1201 /* businessListVC.m in Sources */,
				93783D191C4AF23A006D1201 /* businessSignInVC.m in Sources */,
				93783D481C4B010C006D1201 /* shopperInfoVC.m in Sources */,
				93783D231C4AFF38006D1201 /* driverBGCheckVC.m in Sources */,
				93783CF71C4AEADA006D1201 /* purchaseObject.m in Sources */,
				93783D451C4B00F5006D1201 /* shopperAddressVC.m in Sources */,
				93783D3F1C4B00A0006D1201 /* businessProductInfoVC.m in Sources */,
				93783D4B1C4B06BD006D1201 /* AppDelegate.m in Sources */,
				93783CB11C4AE7DE006D1201 /* main.m in Sources */,
				93783D001C4AED9D006D1201 /* hoursObject.m in Sources */,
				93783D071C4AF15C006D1201 /* landingPageVC.m in Sources */,
				93783D2C1C4AFF6F006D1201 /* driverEmployableVC.m in Sources */,
				93783CF11C4AEAA7006D1201 /* carObject.m in Sources */,
				93783D2F1C4AFF7B006D1201 /* driverThankYouVC.m in Sources */,
				93783D331C4AFFA7006D1201 /* driverHomeVC.m in Sources */,
			);
			runOnlyForDeploymentPostprocessing = 0;
		};
		93783CC11C4AE7DE006D1201 /* Sources */ = {
			isa = PBXSourcesBuildPhase;
			buildActionMask = 2147483647;
			files = (
				93783CCA1C4AE7DE006D1201 /* TownSquaresTests.m in Sources */,
			);
			runOnlyForDeploymentPostprocessing = 0;
		};
		93783CCC1C4AE7DE006D1201 /* Sources */ = {
			isa = PBXSourcesBuildPhase;
			buildActionMask = 2147483647;
			files = (
				93783CD51C4AE7DE006D1201 /* TownSquaresUITests.m in Sources */,
			);
			runOnlyForDeploymentPostprocessing = 0;
		};
/* End PBXSourcesBuildPhase section */

/* Begin PBXTargetDependency section */
		93783CC71C4AE7DE006D1201 /* PBXTargetDependency */ = {
			isa = PBXTargetDependency;
			target = 93783CAB1C4AE7DE006D1201 /* TownSquares */;
			targetProxy = 93783CC61C4AE7DE006D1201 /* PBXContainerItemProxy */;
		};
		93783CD21C4AE7DE006D1201 /* PBXTargetDependency */ = {
			isa = PBXTargetDependency;
			target = 93783CAB1C4AE7DE006D1201 /* TownSquares */;
			targetProxy = 93783CD11C4AE7DE006D1201 /* PBXContainerItemProxy */;
		};
/* End PBXTargetDependency section */

/* Begin PBXVariantGroup section */
		93783CB81C4AE7DE006D1201 /* Main.storyboard */ = {
			isa = PBXVariantGroup;
			children = (
				93783CB91C4AE7DE006D1201 /* Base */,
			);
			name = Main.storyboard;
			sourceTree = "<group>";
		};
		93783CBD1C4AE7DE006D1201 /* LaunchScreen.storyboard */ = {
			isa = PBXVariantGroup;
			children = (
				93783CBE1C4AE7DE006D1201 /* Base */,
			);
			name = LaunchScreen.storyboard;
			sourceTree = "<group>";
		};
/* End PBXVariantGroup section */

/* Begin XCBuildConfiguration section */
		93783CD71C4AE7DE006D1201 /* Debug */ = {
			isa = XCBuildConfiguration;
			buildSettings = {
				ALWAYS_SEARCH_USER_PATHS = NO;
				CLANG_CXX_LANGUAGE_STANDARD = "gnu++0x";
				CLANG_CXX_LIBRARY = "libc++";
				CLANG_ENABLE_MODULES = YES;
				CLANG_ENABLE_OBJC_ARC = YES;
				CLANG_WARN_BOOL_CONVERSION = YES;
				CLANG_WARN_CONSTANT_CONVERSION = YES;
				CLANG_WARN_DIRECT_OBJC_ISA_USAGE = YES_ERROR;
				CLANG_WARN_EMPTY_BODY = YES;
				CLANG_WARN_ENUM_CONVERSION = YES;
				CLANG_WARN_INT_CONVERSION = YES;
				CLANG_WARN_OBJC_ROOT_CLASS = YES_ERROR;
				CLANG_WARN_UNREACHABLE_CODE = YES;
				CLANG_WARN__DUPLICATE_METHOD_MATCH = YES;
				"CODE_SIGN_IDENTITY[sdk=iphoneos*]" = "iPhone Developer";
				COPY_PHASE_STRIP = NO;
				DEBUG_INFORMATION_FORMAT = dwarf;
				ENABLE_STRICT_OBJC_MSGSEND = YES;
				ENABLE_TESTABILITY = YES;
				GCC_C_LANGUAGE_STANDARD = gnu99;
				GCC_DYNAMIC_NO_PIC = NO;
				GCC_NO_COMMON_BLOCKS = YES;
				GCC_OPTIMIZATION_LEVEL = 0;
				GCC_PREPROCESSOR_DEFINITIONS = (
					"DEBUG=1",
					"$(inherited)",
				);
				GCC_WARN_64_TO_32_BIT_CONVERSION = YES;
				GCC_WARN_ABOUT_RETURN_TYPE = YES_ERROR;
				GCC_WARN_UNDECLARED_SELECTOR = YES;
				GCC_WARN_UNINITIALIZED_AUTOS = YES_AGGRESSIVE;
				GCC_WARN_UNUSED_FUNCTION = YES;
				GCC_WARN_UNUSED_VARIABLE = YES;
				IPHONEOS_DEPLOYMENT_TARGET = 9.2;
				MTL_ENABLE_DEBUG_INFO = YES;
				ONLY_ACTIVE_ARCH = YES;
				SDKROOT = iphoneos;
			};
			name = Debug;
		};
		93783CD81C4AE7DE006D1201 /* Release */ = {
			isa = XCBuildConfiguration;
			buildSettings = {
				ALWAYS_SEARCH_USER_PATHS = NO;
				CLANG_CXX_LANGUAGE_STANDARD = "gnu++0x";
				CLANG_CXX_LIBRARY = "libc++";
				CLANG_ENABLE_MODULES = YES;
				CLANG_ENABLE_OBJC_ARC = YES;
				CLANG_WARN_BOOL_CONVERSION = YES;
				CLANG_WARN_CONSTANT_CONVERSION = YES;
				CLANG_WARN_DIRECT_OBJC_ISA_USAGE = YES_ERROR;
				CLANG_WARN_EMPTY_BODY = YES;
				CLANG_WARN_ENUM_CONVERSION = YES;
				CLANG_WARN_INT_CONVERSION = YES;
				CLANG_WARN_OBJC_ROOT_CLASS = YES_ERROR;
				CLANG_WARN_UNREACHABLE_CODE = YES;
				CLANG_WARN__DUPLICATE_METHOD_MATCH = YES;
				"CODE_SIGN_IDENTITY[sdk=iphoneos*]" = "iPhone Developer";
				COPY_PHASE_STRIP = NO;
				DEBUG_INFORMATION_FORMAT = "dwarf-with-dsym";
				ENABLE_NS_ASSERTIONS = NO;
				ENABLE_STRICT_OBJC_MSGSEND = YES;
				GCC_C_LANGUAGE_STANDARD = gnu99;
				GCC_NO_COMMON_BLOCKS = YES;
				GCC_WARN_64_TO_32_BIT_CONVERSION = YES;
				GCC_WARN_ABOUT_RETURN_TYPE = YES_ERROR;
				GCC_WARN_UNDECLARED_SELECTOR = YES;
				GCC_WARN_UNINITIALIZED_AUTOS = YES_AGGRESSIVE;
				GCC_WARN_UNUSED_FUNCTION = YES;
				GCC_WARN_UNUSED_VARIABLE = YES;
				IPHONEOS_DEPLOYMENT_TARGET = 9.2;
				MTL_ENABLE_DEBUG_INFO = NO;
				SDKROOT = iphoneos;
				VALIDATE_PRODUCT = YES;
			};
			name = Release;
		};
		93783CDA1C4AE7DE006D1201 /* Debug */ = {
			isa = XCBuildConfiguration;
			buildSettings = {
				ASSETCATALOG_COMPILER_APPICON_NAME = AppIcon;
				INFOPLIST_FILE = TownSquares/Info.plist;
				IPHONEOS_DEPLOYMENT_TARGET = 9.1;
				LD_RUNPATH_SEARCH_PATHS = "$(inherited) @executable_path/Frameworks";
				PRODUCT_BUNDLE_IDENTIFIER = self.edu.Aaron.TownSquares;
				PRODUCT_NAME = "$(TARGET_NAME)";
			};
			name = Debug;
		};
		93783CDB1C4AE7DE006D1201 /* Release */ = {
			isa = XCBuildConfiguration;
			buildSettings = {
				ASSETCATALOG_COMPILER_APPICON_NAME = AppIcon;
				INFOPLIST_FILE = TownSquares/Info.plist;
				IPHONEOS_DEPLOYMENT_TARGET = 9.1;
				LD_RUNPATH_SEARCH_PATHS = "$(inherited) @executable_path/Frameworks";
				PRODUCT_BUNDLE_IDENTIFIER = self.edu.Aaron.TownSquares;
				PRODUCT_NAME = "$(TARGET_NAME)";
			};
			name = Release;
		};
		93783CDD1C4AE7DE006D1201 /* Debug */ = {
			isa = XCBuildConfiguration;
			buildSettings = {
				BUNDLE_LOADER = "$(TEST_HOST)";
				INFOPLIST_FILE = TownSquaresTests/Info.plist;
				LD_RUNPATH_SEARCH_PATHS = "$(inherited) @executable_path/Frameworks @loader_path/Frameworks";
				PRODUCT_BUNDLE_IDENTIFIER = self.edu.Aaron.TownSquaresTests;
				PRODUCT_NAME = "$(TARGET_NAME)";
				TEST_HOST = "$(BUILT_PRODUCTS_DIR)/TownSquares.app/TownSquares";
			};
			name = Debug;
		};
		93783CDE1C4AE7DE006D1201 /* Release */ = {
			isa = XCBuildConfiguration;
			buildSettings = {
				BUNDLE_LOADER = "$(TEST_HOST)";
				INFOPLIST_FILE = TownSquaresTests/Info.plist;
				LD_RUNPATH_SEARCH_PATHS = "$(inherited) @executable_path/Frameworks @loader_path/Frameworks";
				PRODUCT_BUNDLE_IDENTIFIER = self.edu.Aaron.TownSquaresTests;
				PRODUCT_NAME = "$(TARGET_NAME)";
				TEST_HOST = "$(BUILT_PRODUCTS_DIR)/TownSquares.app/TownSquares";
			};
			name = Release;
		};
		93783CE01C4AE7DE006D1201 /* Debug */ = {
			isa = XCBuildConfiguration;
			buildSettings = {
				INFOPLIST_FILE = TownSquaresUITests/Info.plist;
				LD_RUNPATH_SEARCH_PATHS = "$(inherited) @executable_path/Frameworks @loader_path/Frameworks";
				PRODUCT_BUNDLE_IDENTIFIER = self.edu.Aaron.TownSquaresUITests;
				PRODUCT_NAME = "$(TARGET_NAME)";
				TEST_TARGET_NAME = TownSquares;
				USES_XCTRUNNER = YES;
			};
			name = Debug;
		};
		93783CE11C4AE7DE006D1201 /* Release */ = {
			isa = XCBuildConfiguration;
			buildSettings = {
				INFOPLIST_FILE = TownSquaresUITests/Info.plist;
				LD_RUNPATH_SEARCH_PATHS = "$(inherited) @executable_path/Frameworks @loader_path/Frameworks";
				PRODUCT_BUNDLE_IDENTIFIER = self.edu.Aaron.TownSquaresUITests;
				PRODUCT_NAME = "$(TARGET_NAME)";
				TEST_TARGET_NAME = TownSquares;
				USES_XCTRUNNER = YES;
			};
			name = Release;
		};
/* End XCBuildConfiguration section */

/* Begin XCConfigurationList section */
		93783CA71C4AE7DE006D1201 /* Build configuration list for PBXProject "TownSquares" */ = {
			isa = XCConfigurationList;
			buildConfigurations = (
				93783CD71C4AE7DE006D1201 /* Debug */,
				93783CD81C4AE7DE006D1201 /* Release */,
			);
			defaultConfigurationIsVisible = 0;
			defaultConfigurationName = Release;
		};
		93783CD91C4AE7DE006D1201 /* Build configuration list for PBXNativeTarget "TownSquares" */ = {
			isa = XCConfigurationList;
			buildConfigurations = (
				93783CDA1C4AE7DE006D1201 /* Debug */,
				93783CDB1C4AE7DE006D1201 /* Release */,
			);
			defaultConfigurationIsVisible = 0;
			defaultConfigurationName = Release;
		};
		93783CDC1C4AE7DE006D1201 /* Build configuration list for PBXNativeTarget "TownSquaresTests" */ = {
			isa = XCConfigurationList;
			buildConfigurations = (
				93783CDD1C4AE7DE006D1201 /* Debug */,
				93783CDE1C4AE7DE006D1201 /* Release */,
			);
			defaultConfigurationIsVisible = 0;
			defaultConfigurationName = Release;
		};
		93783CDF1C4AE7DE006D1201 /* Build configuration list for PBXNativeTarget "TownSquaresUITests" */ = {
			isa = XCConfigurationList;
			buildConfigurations = (
				93783CE01C4AE7DE006D1201 /* Debug */,
				93783CE11C4AE7DE006D1201 /* Release */,
			);
			defaultConfigurationIsVisible = 0;
			defaultConfigurationName = Release;
		};
/* End XCConfigurationList section */
	};
	rootObject = 93783CA41C4AE7DE006D1201 /* Project object */;
}
